PODS:
  - CocoaAsyncSocket (7.6.5)
  - CocoaLumberjack (3.7.2):
    - CocoaLumberjack/Core (= 3.7.2)
  - CocoaLumberjack/Core (3.7.2)
  - CocoaLumberjack/Swift (3.7.2):
    - CocoaLumberjack/Core
  - Flutter (1.0.0)
  - flutter_xmpp (0.0.1):
    - Flutter
    - XMPPFramework/Swift
  - KissXML (5.3.1):
    - KissXML/All (= 5.3.1)
  - KissXML/Additions (5.3.1):
    - KissXML/Core
  - KissXML/All (5.3.1):
    - KissXML/Additions
    - KissXML/Core
  - KissXML/Core (5.3.1)
  - libidn (1.35)
  - XMPPFramework/default (4.0.0):
    - CocoaAsyncSocket (~> 7.6)
    - CocoaLumberjack
    - KissXML (~> 5.2)
    - libidn (~> 1.35)
  - XMPPFramework/Swift (4.0.0):
    - CocoaLumberjack/Swift
    - XMPPFramework/default

DEPENDENCIES:
  - Flutter (from `Flutter`)
  - flutter_xmpp (from `.symlinks/plugins/flutter_xmpp/ios`)

SPEC REPOS:
  trunk:
    - CocoaAsyncSocket
    - CocoaLumberjack
    - KissXML
    - libidn
    - XMPPFramework

EXTERNAL SOURCES:
  Flutter:
    :path: Flutter
  flutter_xmpp:
    :path: ".symlinks/plugins/flutter_xmpp/ios"

SPEC CHECKSUMS:
  CocoaAsyncSocket: 065fd1e645c7abab64f7a6a2007a48038fdc6a99
  CocoaLumberjack: b7e05132ff94f6ae4dfa9d5bce9141893a21d9da
  Flutter: 50d75fe2f02b26cc09d224853bb45737f8b3214a
  flutter_xmpp: 2249e0a1345db47efd7daea4b203540e0e6de637
  KissXML: 5c8e0f2e8b9f071d3e1ae123dec3eb5da615c10c
  libidn: e4576a956b797c584c77aaedfc6e3dd639b61bdc
  XMPPFramework: 5d31ff9f73dce031b24bc49bcf88093627a3a86e

PODFILE CHECKSUM: aafe91acc616949ddb318b77800a7f51bffa2a4c

COCOAPODS: 1.11.2
