PODS:
  - CocoaAsyncSocket (7.6.5)
  - CocoaLumberjack (3.7.2):
    - CocoaLumberjack/Core (= 3.7.2)
  - CocoaLumberjack/Core (3.7.2)
  - CocoaLumberjack/Swift (3.7.2):
    - CocoaLumberjack/Core
  - Flutter (1.0.0)
  - KissXML (5.3.1):
    - KissXML/All (= 5.3.1)
  - KissXML/Additions (5.3.1):
    - KissXML/Core
  - KissXML/All (5.3.1):
    - KissXML/Additions
    - KissXML/Core
  - KissXML/Core (5.3.1)
  - libidn (1.35)
  - xmpp_plugin (1.1.6):
    - Flutter
    - XMPPFramework/Swift
  - XMPPFramework/default (4.0.0):
    - CocoaAsyncSocket (~> 7.6)
    - CocoaLumberjack
    - KissXML (~> 5.2)
    - libidn (~> 1.35)
  - XMPPFramework/Swift (4.0.0):
    - CocoaLumberjack/Swift
    - XMPPFramework/default

DEPENDENCIES:
  - Flutter (from `Flutter`)
  - xmpp_plugin (from `.symlinks/plugins/xmpp_plugin/ios`)

SPEC REPOS:
  trunk:
    - CocoaAsyncSocket
    - CocoaLumberjack
    - KissXML
    - libidn
    - XMPPFramework

EXTERNAL SOURCES:
  Flutter:
    :path: Flutter
  xmpp_plugin:
    :path: ".symlinks/plugins/xmpp_plugin/ios"

SPEC CHECKSUMS:
  CocoaAsyncSocket: 065fd1e645c7abab64f7a6a2007a48038fdc6a99
  CocoaLumberjack: b7e05132ff94f6ae4dfa9d5bce9141893a21d9da
  Flutter: 434fef37c0980e73bb6479ef766c45957d4b510c
  KissXML: 5c8e0f2e8b9f071d3e1ae123dec3eb5da615c10c
  libidn: e4576a956b797c584c77aaedfc6e3dd639b61bdc
  xmpp_plugin: 80b22da8f71758c53342b14025aed27e9f8b7c9b
  XMPPFramework: 5d31ff9f73dce031b24bc49bcf88093627a3a86e

PODFILE CHECKSUM: 9be9b641a35438b4176d8396dbc76c709ae823ae

COCOAPODS: 1.10.1
